// !$*UTF8*$!
{
	archiveVersion = 1;
	classes = {
	};
	objectVersion = 46;
	objects = {

/* Begin PBXBuildFile section */
		5F4405BC19ACF9BE00FFC708 /* AppDelegate.swift in Sources */ = {isa = PBXBuildFile; fileRef = 5F4405BB19ACF9BE00FFC708 /* AppDelegate.swift */; };
		5F4405BE19ACF9BE00FFC708 /* ViewController.swift in Sources */ = {isa = PBXBuildFile; fileRef = 5F4405BD19ACF9BE00FFC708 /* ViewController.swift */; };
		5F4405C119ACF9BE00FFC708 /* Main.storyboard in Resources */ = {isa = PBXBuildFile; fileRef = 5F4405BF19ACF9BE00FFC708 /* Main.storyboard */; };
		5F4405C319ACF9BE00FFC708 /* Images.xcassets in Resources */ = {isa = PBXBuildFile; fileRef = 5F4405C219ACF9BE00FFC708 /* Images.xcassets */; };
		5F4405CF19ACF9BE00FFC708 /* Dynamics_DemoTests.swift in Sources */ = {isa = PBXBuildFile; fileRef = 5F4405CE19ACF9BE00FFC708 /* Dynamics_DemoTests.swift */; };
		5F4405D919AD008200FFC708 /* GravityAndCollisionViewController.swift in Sources */ = {isa = PBXBuildFile; fileRef = 5F4405D819AD008200FFC708 /* GravityAndCollisionViewController.swift */; };
		5F4405DB19AD00AB00FFC708 /* SnapViewController.swift in Sources */ = {isa = PBXBuildFile; fileRef = 5F4405DA19AD00AB00FFC708 /* SnapViewController.swift */; };
		5F4405DD19AD00BD00FFC708 /* AttachViewController.swift in Sources */ = {isa = PBXBuildFile; fileRef = 5F4405DC19AD00BD00FFC708 /* AttachViewController.swift */; };
		5F4405DF19AD00D300FFC708 /* PushViewController.swift in Sources */ = {isa = PBXBuildFile; fileRef = 5F4405DE19AD00D300FFC708 /* PushViewController.swift */; };
		5F4405E319AD013600FFC708 /* ExampleApplicationViewController.swift in Sources */ = {isa = PBXBuildFile; fileRef = 5F4405E219AD013600FFC708 /* ExampleApplicationViewController.swift */; };
/* End PBXBuildFile section */

/* Begin PBXContainerItemProxy section */
		5F4405C919ACF9BE00FFC708 /* PBXContainerItemProxy */ = {
			isa = PBXContainerItemProxy;
			containerPortal = 5F4405AE19ACF9BD00FFC708 /* Project object */;
			proxyType = 1;
			remoteGlobalIDString = 5F4405B519ACF9BE00FFC708;
			remoteInfo = "Dynamics Demo";
		};
/* End PBXContainerItemProxy section */

/* Begin PBXFileReference section */
		5F4405B619ACF9BE00FFC708 /* Dynamics Demo.app */ = {isa = PBXFileReference; explicitFileType = wrapper.application; includeInIndex = 0; path = "Dynamics Demo.app"; sourceTree = BUILT_PRODUCTS_DIR; };
		5F4405BA19ACF9BE00FFC708 /* Info.plist */ = {isa = PBXFileReference; lastKnownFileType = text.plist.xml; path = Info.plist; sourceTree = "<group>"; };
		5F4405BB19ACF9BE00FFC708 /* AppDelegate.swift */ = {isa = PBXFileReference; lastKnownFileType = sourcecode.swift; path = AppDelegate.swift; sourceTree = "<group>"; };
		5F4405BD19ACF9BE00FFC708 /* ViewController.swift */ = {isa = PBXFileReference; lastKnownFileType = sourcecode.swift; path = ViewController.swift; sourceTree = "<group>"; };
		5F4405C019ACF9BE00FFC708 /* Base */ = {isa = PBXFileReference; lastKnownFileType = file.storyboard; name = Base; path = Base.lproj/Main.storyboard; sourceTree = "<group>"; };
		5F4405C219ACF9BE00FFC708 /* Images.xcassets */ = {isa = PBXFileReference; lastKnownFileType = folder.assetcatalog; path = Images.xcassets; sourceTree = "<group>"; };
		5F4405C819ACF9BE00FFC708 /* Dynamics DemoTests.xctest */ = {isa = PBXFileReference; explicitFileType = wrapper.cfbundle; includeInIndex = 0; path = "Dynamics DemoTests.xctest"; sourceTree = BUILT_PRODUCTS_DIR; };
		5F4405CD19ACF9BE00FFC708 /* Info.plist */ = {isa = PBXFileReference; lastKnownFileType = text.plist.xml; path = Info.plist; sourceTree = "<group>"; };
		5F4405CE19ACF9BE00FFC708 /* Dynamics_DemoTests.swift */ = {isa = PBXFileReference; lastKnownFileType = sourcecode.swift; path = Dynamics_DemoTests.swift; sourceTree = "<group>"; };
		5F4405D819AD008200FFC708 /* GravityAndCollisionViewController.swift */ = {isa = PBXFileReference; fileEncoding = 4; lastKnownFileType = sourcecode.swift; path = GravityAndCollisionViewController.swift; sourceTree = "<group>"; };
		5F4405DA19AD00AB00FFC708 /* SnapViewController.swift */ = {isa = PBXFileReference; fileEncoding = 4; lastKnownFileType = sourcecode.swift; path = SnapViewController.swift; sourceTree = "<group>"; };
		5F4405DC19AD00BD00FFC708 /* AttachViewController.swift */ = {isa = PBXFileReference; fileEncoding = 4; lastKnownFileType = sourcecode.swift; path = AttachViewController.swift; sourceTree = "<group>"; };
		5F4405DE19AD00D300FFC708 /* PushViewController.swift */ = {isa = PBXFileReference; fileEncoding = 4; lastKnownFileType = sourcecode.swift; path = PushViewController.swift; sourceTree = "<group>"; };
		5F4405E219AD013600FFC708 /* ExampleApplicationViewController.swift */ = {isa = PBXFileReference; fileEncoding = 4; lastKnownFileType = sourcecode.swift; path = ExampleApplicationViewController.swift; sourceTree = "<group>"; };
/* End PBXFileReference section */

/* Begin PBXFrameworksBuildPhase section */
		5F4405B319ACF9BE00FFC708 /* Frameworks */ = {
			isa = PBXFrameworksBuildPhase;
			buildActionMask = 2147483647;
			files = (
			);
			runOnlyForDeploymentPostprocessing = 0;
		};
		5F4405C519ACF9BE00FFC708 /* Frameworks */ = {
			isa = PBXFrameworksBuildPhase;
			buildActionMask = 2147483647;
			files = (
			);
			runOnlyForDeploymentPostprocessing = 0;
		};
/* End PBXFrameworksBuildPhase section */

/* Begin PBXGroup section */
		5F4405AD19ACF9BD00FFC708 = {
			isa = PBXGroup;
			children = (
				5F4405B819ACF9BE00FFC708 /* Dynamics Demo */,
				5F4405CB19ACF9BE00FFC708 /* Dynamics DemoTests */,
				5F4405B719ACF9BE00FFC708 /* Products */,
			);
			sourceTree = "<group>";
		};
		5F4405B719ACF9BE00FFC708 /* Products */ = {
			isa = PBXGroup;
			children = (
				5F4405B619ACF9BE00FFC708 /* Dynamics Demo.app */,
				5F4405C819ACF9BE00FFC708 /* Dynamics DemoTests.xctest */,
			);
			name = Products;
			sourceTree = "<group>";
		};
		5F4405B819ACF9BE00FFC708 /* Dynamics Demo */ = {
			isa = PBXGroup;
			children = (
				5F4405BB19ACF9BE00FFC708 /* AppDelegate.swift */,
				5F4405BD19ACF9BE00FFC708 /* ViewController.swift */,
				5F4405BF19ACF9BE00FFC708 /* Main.storyboard */,
				5F4405C219ACF9BE00FFC708 /* Images.xcassets */,
				5F4405B919ACF9BE00FFC708 /* Supporting Files */,
				5F4405D819AD008200FFC708 /* GravityAndCollisionViewController.swift */,
				5F4405DA19AD00AB00FFC708 /* SnapViewController.swift */,
				5F4405DC19AD00BD00FFC708 /* AttachViewController.swift */,
				5F4405DE19AD00D300FFC708 /* PushViewController.swift */,
				5F4405E219AD013600FFC708 /* ExampleApplicationViewController.swift */,
			);
			path = "Dynamics Demo";
			sourceTree = "<group>";
		};
		5F4405B919ACF9BE00FFC708 /* Supporting Files */ = {
			isa = PBXGroup;
			children = (
				5F4405BA19ACF9BE00FFC708 /* Info.plist */,
			);
			name = "Supporting Files";
			sourceTree = "<group>";
		};
		5F4405CB19ACF9BE00FFC708 /* Dynamics DemoTests */ = {
			isa = PBXGroup;
			children = (
				5F4405CE19ACF9BE00FFC708 /* Dynamics_DemoTests.swift */,
				5F4405CC19ACF9BE00FFC708 /* Supporting Files */,
			);
			path = "Dynamics DemoTests";
			sourceTree = "<group>";
		};
		5F4405CC19ACF9BE00FFC708 /* Supporting Files */ = {
			isa = PBXGroup;
			children = (
				5F4405CD19ACF9BE00FFC708 /* Info.plist */,
			);
			name = "Supporting Files";
			sourceTree = "<group>";
		};
/* End PBXGroup section */

/* Begin PBXNativeTarget section */
		5F4405B519ACF9BE00FFC708 /* Dynamics Demo */ = {
			isa = PBXNativeTarget;
			buildConfigurationList = 5F4405D219ACF9BE00FFC708 /* Build configuration list for PBXNativeTarget "Dynamics Demo" */;
			buildPhases = (
				5F4405B219ACF9BE00FFC708 /* Sources */,
				5F4405B319ACF9BE00FFC708 /* Frameworks */,
				5F4405B419ACF9BE00FFC708 /* Resources */,
			);
			buildRules = (
			);
			dependencies = (
			);
			name = "Dynamics Demo";
			productName = "Dynamics Demo";
			productReference = 5F4405B619ACF9BE00FFC708 /* Dynamics Demo.app */;
			productType = "com.apple.product-type.application";
		};
		5F4405C719ACF9BE00FFC708 /* Dynamics DemoTests */ = {
			isa = PBXNativeTarget;
			buildConfigurationList = 5F4405D519ACF9BE00FFC708 /* Build configuration list for PBXNativeTarget "Dynamics DemoTests" */;
			buildPhases = (
				5F4405C419ACF9BE00FFC708 /* Sources */,
				5F4405C519ACF9BE00FFC708 /* Frameworks */,
				5F4405C619ACF9BE00FFC708 /* Resources */,
			);
			buildRules = (
			);
			dependencies = (
				5F4405CA19ACF9BE00FFC708 /* PBXTargetDependency */,
			);
			name = "Dynamics DemoTests";
			productName = "Dynamics DemoTests";
			productReference = 5F4405C819ACF9BE00FFC708 /* Dynamics DemoTests.xctest */;
			productType = "com.apple.product-type.bundle.unit-test";
		};
/* End PBXNativeTarget section */

/* Begin PBXProject section */
		5F4405AE19ACF9BD00FFC708 /* Project object */ = {
			isa = PBXProject;
			attributes = {
				LastUpgradeCheck = 0600;
				ORGANIZATIONNAME = "Joyce Echessa";
				TargetAttributes = {
					5F4405B519ACF9BE00FFC708 = {
						CreatedOnToolsVersion = 6.0;
					};
					5F4405C719ACF9BE00FFC708 = {
						CreatedOnToolsVersion = 6.0;
						TestTargetID = 5F4405B519ACF9BE00FFC708;
					};
				};
			};
			buildConfigurationList = 5F4405B119ACF9BD00FFC708 /* Build configuration list for PBXProject "Dynamics Demo" */;
			compatibilityVersion = "Xcode 3.2";
			developmentRegion = English;
			hasScannedForEncodings = 0;
			knownRegions = (
				en,
				Base,
			);
			mainGroup = 5F4405AD19ACF9BD00FFC708;
			productRefGroup = 5F4405B719ACF9BE00FFC708 /* Products */;
			projectDirPath = "";
			projectRoot = "";
			targets = (
				5F4405B519ACF9BE00FFC708 /* Dynamics Demo */,
				5F4405C719ACF9BE00FFC708 /* Dynamics DemoTests */,
			);
		};
/* End PBXProject section */

/* Begin PBXResourcesBuildPhase section */
		5F4405B419ACF9BE00FFC708 /* Resources */ = {
			isa = PBXResourcesBuildPhase;
			buildActionMask = 2147483647;
			files = (
				5F4405C119ACF9BE00FFC708 /* Main.storyboard in Resources */,
				5F4405C319ACF9BE00FFC708 /* Images.xcassets in Resources */,
			);
			runOnlyForDeploymentPostprocessing = 0;
		};
		5F4405C619ACF9BE00FFC708 /* Resources */ = {
			isa = PBXResourcesBuildPhase;
			buildActionMask = 2147483647;
			files = (
			);
			runOnlyForDeploymentPostprocessing = 0;
		};
/* End PBXResourcesBuildPhase section */

/* Begin PBXSourcesBuildPhase section */
		5F4405B219ACF9BE00FFC708 /* Sources */ = {
			isa = PBXSourcesBuildPhase;
			buildActionMask = 2147483647;
			files = (
				5F4405E319AD013600FFC708 /* ExampleApplicationViewController.swift in Sources */,
				5F4405DB19AD00AB00FFC708 /* SnapViewController.swift in Sources */,
				5F4405BE19ACF9BE00FFC708 /* ViewController.swift in Sources */,
				5F4405DF19AD00D300FFC708 /* PushViewController.swift in Sources */,
				5F4405BC19ACF9BE00FFC708 /* AppDelegate.swift in Sources */,
				5F4405D919AD008200FFC708 /* GravityAndCollisionViewController.swift in Sources */,
				5F4405DD19AD00BD00FFC708 /* AttachViewController.swift in Sources */,
			);
			runOnlyForDeploymentPostprocessing = 0;
		};
		5F4405C419ACF9BE00FFC708 /* Sources */ = {
			isa = PBXSourcesBuildPhase;
			buildActionMask = 2147483647;
			files = (
				5F4405CF19ACF9BE00FFC708 /* Dynamics_DemoTests.swift in Sources */,
			);
			runOnlyForDeploymentPostprocessing = 0;
		};
/* End PBXSourcesBuildPhase section */

/* Begin PBXTargetDependency section */
		5F4405CA19ACF9BE00FFC708 /* PBXTargetDependency */ = {
			isa = PBXTargetDependency;
			target = 5F4405B519ACF9BE00FFC708 /* Dynamics Demo */;
			targetProxy = 5F4405C919ACF9BE00FFC708 /* PBXContainerItemProxy */;
		};
/* End PBXTargetDependency section */

/* Begin PBXVariantGroup section */
		5F4405BF19ACF9BE00FFC708 /* Main.storyboard */ = {
			isa = PBXVariantGroup;
			children = (
				5F4405C019ACF9BE00FFC708 /* Base */,
			);
			name = Main.storyboard;
			sourceTree = "<group>";
		};
/* End PBXVariantGroup section */

/* Begin XCBuildConfiguration section */
		5F4405D019ACF9BE00FFC708 /* Debug */ = {
			isa = XCBuildConfiguration;
			buildSettings = {
				ALWAYS_SEARCH_USER_PATHS = NO;
				CLANG_CXX_LANGUAGE_STANDARD = "gnu++0x";
				CLANG_CXX_LIBRARY = "libc++";
				CLANG_ENABLE_MODULES = YES;
				CLANG_ENABLE_OBJC_ARC = YES;
				CLANG_WARN_BOOL_CONVERSION = YES;
				CLANG_WARN_CONSTANT_CONVERSION = YES;
				CLANG_WARN_DIRECT_OBJC_ISA_USAGE = YES_ERROR;
				CLANG_WARN_EMPTY_BODY = YES;
				CLANG_WARN_ENUM_CONVERSION = YES;
				CLANG_WARN_INT_CONVERSION = YES;
				CLANG_WARN_OBJC_ROOT_CLASS = YES_ERROR;
				CLANG_WARN_UNREACHABLE_CODE = YES;
				CLANG_WARN__DUPLICATE_METHOD_MATCH = YES;
				"CODE_SIGN_IDENTITY[sdk=iphoneos*]" = "iPhone Developer";
				COPY_PHASE_STRIP = NO;
				ENABLE_STRICT_OBJC_MSGSEND = YES;
				GCC_C_LANGUAGE_STANDARD = gnu99;
				GCC_DYNAMIC_NO_PIC = NO;
				GCC_OPTIMIZATION_LEVEL = 0;
				GCC_PREPROCESSOR_DEFINITIONS = (
					"DEBUG=1",
					"$(inherited)",
				);
				GCC_SYMBOLS_PRIVATE_EXTERN = NO;
				GCC_WARN_64_TO_32_BIT_CONVERSION = YES;
				GCC_WARN_ABOUT_RETURN_TYPE = YES_ERROR;
				GCC_WARN_UNDECLARED_SELECTOR = YES;
				GCC_WARN_UNINITIALIZED_AUTOS = YES_AGGRESSIVE;
				GCC_WARN_UNUSED_FUNCTION = YES;
				GCC_WARN_UNUSED_VARIABLE = YES;
				IPHONEOS_DEPLOYMENT_TARGET = 8.0;
				MTL_ENABLE_DEBUG_INFO = YES;
				ONLY_ACTIVE_ARCH = YES;
				SDKROOT = iphoneos;
				SWIFT_OPTIMIZATION_LEVEL = "-Onone";
			};
			name = Debug;
		};
		5F4405D119ACF9BE00FFC708 /* Release */ = {
			isa = XCBuildConfiguration;
			buildSettings = {
				ALWAYS_SEARCH_USER_PATHS = NO;
				CLANG_CXX_LANGUAGE_STANDARD = "gnu++0x";
				CLANG_CXX_LIBRARY = "libc++";
				CLANG_ENABLE_MODULES = YES;
				CLANG_ENABLE_OBJC_ARC = YES;
				CLANG_WARN_BOOL_CONVERSION = YES;
				CLANG_WARN_CONSTANT_CONVERSION = YES;
				CLANG_WARN_DIRECT_OBJC_ISA_USAGE = YES_ERROR;
				CLANG_WARN_EMPTY_BODY = YES;
				CLANG_WARN_ENUM_CONVERSION = YES;
				CLANG_WARN_INT_CONVERSION = YES;
				CLANG_WARN_OBJC_ROOT_CLASS = YES_ERROR;
				CLANG_WARN_UNREACHABLE_CODE = YES;
				CLANG_WARN__DUPLICATE_METHOD_MATCH = YES;
				"CODE_SIGN_IDENTITY[sdk=iphoneos*]" = "iPhone Developer";
				COPY_PHASE_STRIP = YES;
				ENABLE_NS_ASSERTIONS = NO;
				ENABLE_STRICT_OBJC_MSGSEND = YES;
				GCC_C_LANGUAGE_STANDARD = gnu99;
				GCC_WARN_64_TO_32_BIT_CONVERSION = YES;
				GCC_WARN_ABOUT_RETURN_TYPE = YES_ERROR;
				GCC_WARN_UNDECLARED_SELECTOR = YES;
				GCC_WARN_UNINITIALIZED_AUTOS = YES_AGGRESSIVE;
				GCC_WARN_UNUSED_FUNCTION = YES;
				GCC_WARN_UNUSED_VARIABLE = YES;
				IPHONEOS_DEPLOYMENT_TARGET = 8.0;
				MTL_ENABLE_DEBUG_INFO = NO;
				SDKROOT = iphoneos;
				VALIDATE_PRODUCT = YES;
			};
			name = Release;
		};
		5F4405D319ACF9BE00FFC708 /* Debug */ = {
			isa = XCBuildConfiguration;
			buildSettings = {
				ASSETCATALOG_COMPILER_APPICON_NAME = AppIcon;
				ASSETCATALOG_COMPILER_LAUNCHIMAGE_NAME = LaunchImage;
				INFOPLIST_FILE = "Dynamics Demo/Info.plist";
				LD_RUNPATH_SEARCH_PATHS = "$(inherited) @executable_path/Frameworks";
				PRODUCT_NAME = "$(TARGET_NAME)";
			};
			name = Debug;
		};
		5F4405D419ACF9BE00FFC708 /* Release */ = {
			isa = XCBuildConfiguration;
			buildSettings = {
				ASSETCATALOG_COMPILER_APPICON_NAME = AppIcon;
				ASSETCATALOG_COMPILER_LAUNCHIMAGE_NAME = LaunchImage;
				INFOPLIST_FILE = "Dynamics Demo/Info.plist";
				LD_RUNPATH_SEARCH_PATHS = "$(inherited) @executable_path/Frameworks";
				PRODUCT_NAME = "$(TARGET_NAME)";
			};
			name = Release;
		};
		5F4405D619ACF9BE00FFC708 /* Debug */ = {
			isa = XCBuildConfiguration;
			buildSettings = {
				BUNDLE_LOADER = "$(TEST_HOST)";
				FRAMEWORK_SEARCH_PATHS = (
					"$(SDKROOT)/Developer/Library/Frameworks",
					"$(inherited)",
				);
				GCC_PREPROCESSOR_DEFINITIONS = (
					"DEBUG=1",
					"$(inherited)",
				);
				INFOPLIST_FILE = "Dynamics DemoTests/Info.plist";
				LD_RUNPATH_SEARCH_PATHS = "$(inherited) @executable_path/Frameworks @loader_path/Frameworks";
				PRODUCT_NAME = "$(TARGET_NAME)";
				TEST_HOST = "$(BUILT_PRODUCTS_DIR)/Dynamics Demo.app/Dynamics Demo";
			};
			name = Debug;
		};
		5F4405D719ACF9BE00FFC708 /* Release */ = {
			isa = XCBuildConfiguration;
			buildSettings = {
				BUNDLE_LOADER = "$(TEST_HOST)";
				FRAMEWORK_SEARCH_PATHS = (
					"$(SDKROOT)/Developer/Library/Frameworks",
					"$(inherited)",
				);
				INFOPLIST_FILE = "Dynamics DemoTests/Info.plist";
				LD_RUNPATH_SEARCH_PATHS = "$(inherited) @executable_path/Frameworks @loader_path/Frameworks";
				PRODUCT_NAME = "$(TARGET_NAME)";
				TEST_HOST = "$(BUILT_PRODUCTS_DIR)/Dynamics Demo.app/Dynamics Demo";
			};
			name = Release;
		};
/* End XCBuildConfiguration section */

/* Begin XCConfigurationList section */
		5F4405B119ACF9BD00FFC708 /* Build configuration list for PBXProject "Dynamics Demo" */ = {
			isa = XCConfigurationList;
			buildConfigurations = (
				5F4405D019ACF9BE00FFC708 /* Debug */,
				5F4405D119ACF9BE00FFC708 /* Release */,
			);
			defaultConfigurationIsVisible = 0;
			defaultConfigurationName = Release;
		};
		5F4405D219ACF9BE00FFC708 /* Build configuration list for PBXNativeTarget "Dynamics Demo" */ = {
			isa = XCConfigurationList;
			buildConfigurations = (
				5F4405D319ACF9BE00FFC708 /* Debug */,
				5F4405D419ACF9BE00FFC708 /* Release */,
			);
			defaultConfigurationIsVisible = 0;
			defaultConfigurationName = Release;
		};
		5F4405D519ACF9BE00FFC708 /* Build configuration list for PBXNativeTarget "Dynamics DemoTests" */ = {
			isa = XCConfigurationList;
			buildConfigurations = (
				5F4405D619ACF9BE00FFC708 /* Debug */,
				5F4405D719ACF9BE00FFC708 /* Release */,
			);
			defaultConfigurationIsVisible = 0;
			defaultConfigurationName = Release;
		};
/* End XCConfigurationList section */
	};
	rootObject = 5F4405AE19ACF9BD00FFC708 /* Project object */;
}
